
Microsoft Visual Studio Solution File, Format Version 12.00
Project("{2150E333-8FDC-42A3-9474-1A3956D46DE8}") = "Core", "Core", "{0C6EC928-642E-4305-B941-3D23A703FEB6}"
EndProject
Project("{2150E333-8FDC-42A3-9474-1A3956D46DE8}") = "UI", "UI", "{E441DB3B-18AD-4097-8832-A9AD836A2B50}"
EndProject
Project("{2150E333-8FDC-42A3-9474-1A3956D46DE8}") = "src", "src", "{E36F37CD-FA0D-4E85-ABE9-532F869CA618}"
EndProject
Global
	GlobalSection(SolutionConfigurationPlatforms) = preSolution
		Debug|Any CPU = Debug|Any CPU
		Release|Any CPU = Release|Any CPU
	EndGlobalSection
	GlobalSection(NestedProjects) = preSolution
		{E441DB3B-18AD-4097-8832-A9AD836A2B50} = {E36F37CD-FA0D-4E85-ABE9-532F869CA618}
		{0C6EC928-642E-4305-B941-3D23A703FEB6} = {E36F37CD-FA0D-4E85-ABE9-532F869CA618}
	EndGlobalSection
	GlobalSection(ProjectConfigurationPlatforms) = postSolution
	EndGlobalSection
EndGlobal
