
Microsoft Visual Studio Solution File, Format Version 12.00
Project("{2150E333-8FDC-42A3-9474-1A3956D46DE8}") = "Core", "Core", "{0C6EC928-642E-4305-B941-3D23A703FEB6}"
EndProject
Project("{2150E333-8FDC-42A3-9474-1A3956D46DE8}") = "UI", "UI", "{E441DB3B-18AD-4097-8832-A9AD836A2B50}"
EndProject
Project("{2150E333-8FDC-42A3-9474-1A3956D46DE8}") = "src", "src", "{E36F37CD-FA0D-4E85-ABE9-532F869CA618}"
EndProject
Project("{FAE04EC0-301F-11D3-BF4B-00C04F79EFBC}") = "CogniDesk.Core", "src\Core\CogniDesk.Core\CogniDesk.Core.csproj", "{47986EDE-36EF-4A76-B558-A8EF6A5ED50C}"
EndProject
Project("{FAE04EC0-301F-11D3-BF4B-00C04F79EFBC}") = "CogniDesk", "src\UI\CogniDesk\CogniDesk.csproj", "{99F0407F-1DBD-4A21-95FB-FD333F17471E}"
EndProject
Global
	GlobalSection(SolutionConfigurationPlatforms) = preSolution
		Debug|Any CPU = Debug|Any CPU
		Release|Any CPU = Release|Any CPU
	EndGlobalSection
	GlobalSection(NestedProjects) = preSolution
		{E441DB3B-18AD-4097-8832-A9AD836A2B50} = {E36F37CD-FA0D-4E85-ABE9-532F869CA618}
		{0C6EC928-642E-4305-B941-3D23A703FEB6} = {E36F37CD-FA0D-4E85-ABE9-532F869CA618}
		{47986EDE-36EF-4A76-B558-A8EF6A5ED50C} = {0C6EC928-642E-4305-B941-3D23A703FEB6}
		{99F0407F-1DBD-4A21-95FB-FD333F17471E} = {E441DB3B-18AD-4097-8832-A9AD836A2B50}
	EndGlobalSection
	GlobalSection(ProjectConfigurationPlatforms) = postSolution
		{47986EDE-36EF-4A76-B558-A8EF6A5ED50C}.Debug|Any CPU.ActiveCfg = Debug|Any CPU
		{47986EDE-36EF-4A76-B558-A8EF6A5ED50C}.Debug|Any CPU.Build.0 = Debug|Any CPU
		{47986EDE-36EF-4A76-B558-A8EF6A5ED50C}.Release|Any CPU.ActiveCfg = Release|Any CPU
		{47986EDE-36EF-4A76-B558-A8EF6A5ED50C}.Release|Any CPU.Build.0 = Release|Any CPU
		{99F0407F-1DBD-4A21-95FB-FD333F17471E}.Debug|Any CPU.ActiveCfg = Debug|Any CPU
		{99F0407F-1DBD-4A21-95FB-FD333F17471E}.Debug|Any CPU.Build.0 = Debug|Any CPU
		{99F0407F-1DBD-4A21-95FB-FD333F17471E}.Release|Any CPU.ActiveCfg = Release|Any CPU
		{99F0407F-1DBD-4A21-95FB-FD333F17471E}.Release|Any CPU.Build.0 = Release|Any CPU
	EndGlobalSection
EndGlobal
