
Microsoft Visual Studio Solution File, Format Version 12.00
Project("{2150E333-8FDC-42A3-9474-1A3956D46DE8}") = "Core", "Core", "{0C6EC928-642E-4305-B941-3D23A703FEB6}"
EndProject
Project("{2150E333-8FDC-42A3-9474-1A3956D46DE8}") = "UI", "UI", "{E441DB3B-18AD-4097-8832-A9AD836A2B50}"
EndProject
Project("{FAE04EC0-301F-11D3-BF4B-00C04F79EFBC}") = "CogniDesk.Core", "Core\CogniDesk.Core\CogniDesk.Core.csproj", "{647E6913-9F99-4B92-93C5-A145116366D0}"
EndProject
Project("{FAE04EC0-301F-11D3-BF4B-00C04F79EFBC}") = "CogniDesk", "UI\CogniDesk\CogniDesk.csproj", "{897B2D99-F877-422A-9F9D-1505B9626872}"
EndProject
Global
	GlobalSection(SolutionConfigurationPlatforms) = preSolution
		Debug|Any CPU = Debug|Any CPU
		Release|Any CPU = Release|Any CPU
	EndGlobalSection
	GlobalSection(NestedProjects) = preSolution
		{647E6913-9F99-4B92-93C5-A145116366D0} = {0C6EC928-642E-4305-B941-3D23A703FEB6}
		{897B2D99-F877-422A-9F9D-1505B9626872} = {E441DB3B-18AD-4097-8832-A9AD836A2B50}
	EndGlobalSection
	GlobalSection(ProjectConfigurationPlatforms) = postSolution
		{647E6913-9F99-4B92-93C5-A145116366D0}.Debug|Any CPU.ActiveCfg = Debug|Any CPU
		{647E6913-9F99-4B92-93C5-A145116366D0}.Debug|Any CPU.Build.0 = Debug|Any CPU
		{647E6913-9F99-4B92-93C5-A145116366D0}.Release|Any CPU.ActiveCfg = Release|Any CPU
		{647E6913-9F99-4B92-93C5-A145116366D0}.Release|Any CPU.Build.0 = Release|Any CPU
		{897B2D99-F877-422A-9F9D-1505B9626872}.Debug|Any CPU.ActiveCfg = Debug|Any CPU
		{897B2D99-F877-422A-9F9D-1505B9626872}.Debug|Any CPU.Build.0 = Debug|Any CPU
		{897B2D99-F877-422A-9F9D-1505B9626872}.Release|Any CPU.ActiveCfg = Release|Any CPU
		{897B2D99-F877-422A-9F9D-1505B9626872}.Release|Any CPU.Build.0 = Release|Any CPU
	EndGlobalSection
EndGlobal
